PODS:
  - FlutterMacOS (1.0.0)
  - onnxruntime-c (1.22.0)
  - onnxruntime-objc (1.22.0):
    - onnxruntime-objc/Core (= 1.22.0)
  - onnxruntime-objc/Core (1.22.0):
    - onnxruntime-c (= 1.22.0)
  - qwen_asr (0.1.0):
    - FlutterMacOS
  - vad (0.0.6):
    - FlutterMacOS
    - onnxruntime-objc (= 1.22.0)

DEPENDENCIES:
  - FlutterMacOS (from `Flutter/ephemeral`)
  - qwen_asr (from `Flutter/ephemeral/.symlinks/plugins/qwen_asr/macos`)
  - vad (from `Flutter/ephemeral/.symlinks/plugins/vad/macos`)

SPEC REPOS:
  trunk:
    - onnxruntime-c
    - onnxruntime-objc

EXTERNAL SOURCES:
  FlutterMacOS:
    :path: Flutter/ephemeral
  qwen_asr:
    :path: Flutter/ephemeral/.symlinks/plugins/qwen_asr/macos
  vad:
    :path: Flutter/ephemeral/.symlinks/plugins/vad/macos

SPEC CHECKSUMS:
  FlutterMacOS: d0db08ddef1a9af05a5ec4b724367152bb0500b1
  onnxruntime-c: 7f778680e96145956c0a31945f260321eed2611a
  onnxruntime-objc: 83d28b87525bd971259a66e153ea32b5d023de19
  qwen_asr: 2d5b19025ecc71ca8d2ddde8d0e0e23400bd1ffc
  vad: c269f26ac93002d9ca13ed1dc9c5fa5438092ddb

PODFILE CHECKSUM: c4dda72bffbbf606876d102a78d4d3a0e4c9b017

COCOAPODS: 1.16.2
